
Microsoft Visual Studio Solution File, Format Version 12.00
# Visual Studio 15
VisualStudioVersion = 15.0.27205.2004
MinimumVisualStudioVersion = 10.0.40219.1
Project("{F2A71F9B-5D33-465A-A702-920D77279786}") = "FSharpParser", "FSharpParser\FSharpParser.fsproj", "{B0CCD766-1920-40A2-BD91-346F047D7442}"
EndProject
Global
	GlobalSection(SolutionConfigurationPlatforms) = preSolution
		Debug|Any CPU = Debug|Any CPU
		Release|Any CPU = Release|Any CPU
	EndGlobalSection
	GlobalSection(ProjectConfigurationPlatforms) = postSolution
		{B0CCD766-1920-40A2-BD91-346F047D7442}.Debug|Any CPU.ActiveCfg = Debug|Any CPU
		{B0CCD766-1920-40A2-BD91-346F047D7442}.Debug|Any CPU.Build.0 = Debug|Any CPU
		{B0CCD766-1920-40A2-BD91-346F047D7442}.Release|Any CPU.ActiveCfg = Release|Any CPU
		{B0CCD766-1920-40A2-BD91-346F047D7442}.Release|Any CPU.Build.0 = Release|Any CPU
	EndGlobalSection
	GlobalSection(SolutionProperties) = preSolution
		HideSolutionNode = FALSE
	EndGlobalSection
	GlobalSection(ExtensibilityGlobals) = postSolution
		SolutionGuid = {2EAD4B4D-5FC6-418A-8415-9EA1AF07639C}
	EndGlobalSection
EndGlobal
